
Microsoft Visual Studio Solution File, Format Version 10.00
# Visual Studio 2008
Project("{FAE04EC0-301F-11D3-BF4B-00C04F79EFBC}") = "Output1", "Output1\Output1.csproj", "{C74865CD-832E-40F5-8F9D-50D2DB69557A}"
EndProject
Global
	GlobalSection(SolutionConfigurationPlatforms) = preSolution
		Debug|Any CPU = Debug|Any CPU
		Release|Any CPU = Release|Any CPU
	EndGlobalSection
	GlobalSection(ProjectConfigurationPlatforms) = postSolution
		{C74865CD-832E-40F5-8F9D-50D2DB69557A}.Debug|Any CPU.ActiveCfg = Debug|Any CPU
		{C74865CD-832E-40F5-8F9D-50D2DB69557A}.Debug|Any CPU.Build.0 = Debug|Any CPU
		{C74865CD-832E-40F5-8F9D-50D2DB69557A}.Release|Any CPU.ActiveCfg = Release|Any CPU
		{C74865CD-832E-40F5-8F9D-50D2DB69557A}.Release|Any CPU.Build.0 = Release|Any CPU
	EndGlobalSection
	GlobalSection(SolutionProperties) = preSolution
		HideSolutionNode = FALSE
	EndGlobalSection
EndGlobal
