
Microsoft Visual Studio Solution File, Format Version 10.00
# Visual Studio 2008
Project("{FAE04EC0-301F-11D3-BF4B-00C04F79EFBC}") = "Console2", "Console2\Console2.csproj", "{2383B35C-594F-439C-980C-016381E5E053}"
EndProject
Global
	GlobalSection(SolutionConfigurationPlatforms) = preSolution
		Debug|Any CPU = Debug|Any CPU
		Release|Any CPU = Release|Any CPU
	EndGlobalSection
	GlobalSection(ProjectConfigurationPlatforms) = postSolution
		{2383B35C-594F-439C-980C-016381E5E053}.Debug|Any CPU.ActiveCfg = Debug|Any CPU
		{2383B35C-594F-439C-980C-016381E5E053}.Debug|Any CPU.Build.0 = Debug|Any CPU
		{2383B35C-594F-439C-980C-016381E5E053}.Release|Any CPU.ActiveCfg = Release|Any CPU
		{2383B35C-594F-439C-980C-016381E5E053}.Release|Any CPU.Build.0 = Release|Any CPU
	EndGlobalSection
	GlobalSection(SolutionProperties) = preSolution
		HideSolutionNode = FALSE
	EndGlobalSection
EndGlobal
