
Microsoft Visual Studio Solution File, Format Version 10.00
# Visual Studio 2008
Project("{FAE04EC0-301F-11D3-BF4B-00C04F79EFBC}") = "Console22", "Console22\Console22.csproj", "{237F9870-FACA-4ECF-9159-A2D2703FEA0E}"
EndProject
Global
	GlobalSection(SolutionConfigurationPlatforms) = preSolution
		Debug|Any CPU = Debug|Any CPU
		Release|Any CPU = Release|Any CPU
	EndGlobalSection
	GlobalSection(ProjectConfigurationPlatforms) = postSolution
		{237F9870-FACA-4ECF-9159-A2D2703FEA0E}.Debug|Any CPU.ActiveCfg = Debug|Any CPU
		{237F9870-FACA-4ECF-9159-A2D2703FEA0E}.Debug|Any CPU.Build.0 = Debug|Any CPU
		{237F9870-FACA-4ECF-9159-A2D2703FEA0E}.Release|Any CPU.ActiveCfg = Release|Any CPU
		{237F9870-FACA-4ECF-9159-A2D2703FEA0E}.Release|Any CPU.Build.0 = Release|Any CPU
	EndGlobalSection
	GlobalSection(SolutionProperties) = preSolution
		HideSolutionNode = FALSE
	EndGlobalSection
EndGlobal
