
Microsoft Visual Studio Solution File, Format Version 10.00
# Visual Studio 2008
Project("{FAE04EC0-301F-11D3-BF4B-00C04F79EFBC}") = "Console23", "Console23\Console23.csproj", "{59FFDFB1-0395-4B39-975E-5D4AB18D7BFC}"
EndProject
Global
	GlobalSection(SolutionConfigurationPlatforms) = preSolution
		Debug|Any CPU = Debug|Any CPU
		Release|Any CPU = Release|Any CPU
	EndGlobalSection
	GlobalSection(ProjectConfigurationPlatforms) = postSolution
		{59FFDFB1-0395-4B39-975E-5D4AB18D7BFC}.Debug|Any CPU.ActiveCfg = Debug|Any CPU
		{59FFDFB1-0395-4B39-975E-5D4AB18D7BFC}.Debug|Any CPU.Build.0 = Debug|Any CPU
		{59FFDFB1-0395-4B39-975E-5D4AB18D7BFC}.Release|Any CPU.ActiveCfg = Release|Any CPU
		{59FFDFB1-0395-4B39-975E-5D4AB18D7BFC}.Release|Any CPU.Build.0 = Release|Any CPU
	EndGlobalSection
	GlobalSection(SolutionProperties) = preSolution
		HideSolutionNode = FALSE
	EndGlobalSection
EndGlobal
