
Microsoft Visual Studio Solution File, Format Version 10.00
# Visual Studio 2008
Project("{FAE04EC0-301F-11D3-BF4B-00C04F79EFBC}") = "RunProcess", "RunProcess\RunProcess.csproj", "{54CF8377-CE3D-4F7F-A9D0-1D5A24FDD664}"
EndProject
Global
	GlobalSection(SolutionConfigurationPlatforms) = preSolution
		Debug|Any CPU = Debug|Any CPU
		Release|Any CPU = Release|Any CPU
	EndGlobalSection
	GlobalSection(ProjectConfigurationPlatforms) = postSolution
		{54CF8377-CE3D-4F7F-A9D0-1D5A24FDD664}.Debug|Any CPU.ActiveCfg = Debug|Any CPU
		{54CF8377-CE3D-4F7F-A9D0-1D5A24FDD664}.Debug|Any CPU.Build.0 = Debug|Any CPU
		{54CF8377-CE3D-4F7F-A9D0-1D5A24FDD664}.Release|Any CPU.ActiveCfg = Release|Any CPU
		{54CF8377-CE3D-4F7F-A9D0-1D5A24FDD664}.Release|Any CPU.Build.0 = Release|Any CPU
	EndGlobalSection
	GlobalSection(SolutionProperties) = preSolution
		HideSolutionNode = FALSE
	EndGlobalSection
EndGlobal
