
Microsoft Visual Studio Solution File, Format Version 10.00
# Visual Studio 2008
Project("{FAE04EC0-301F-11D3-BF4B-00C04F79EFBC}") = "Pool3", "Pool3\Pool3.csproj", "{F5F6B712-24F7-4F54-A0CB-0D2C7A59D985}"
EndProject
Global
	GlobalSection(SolutionConfigurationPlatforms) = preSolution
		Debug|Any CPU = Debug|Any CPU
		Release|Any CPU = Release|Any CPU
	EndGlobalSection
	GlobalSection(ProjectConfigurationPlatforms) = postSolution
		{F5F6B712-24F7-4F54-A0CB-0D2C7A59D985}.Debug|Any CPU.ActiveCfg = Debug|Any CPU
		{F5F6B712-24F7-4F54-A0CB-0D2C7A59D985}.Debug|Any CPU.Build.0 = Debug|Any CPU
		{F5F6B712-24F7-4F54-A0CB-0D2C7A59D985}.Release|Any CPU.ActiveCfg = Release|Any CPU
		{F5F6B712-24F7-4F54-A0CB-0D2C7A59D985}.Release|Any CPU.Build.0 = Release|Any CPU
	EndGlobalSection
	GlobalSection(SolutionProperties) = preSolution
		HideSolutionNode = FALSE
	EndGlobalSection
EndGlobal
