
Microsoft Visual Studio Solution File, Format Version 10.00
# Visual Studio 2008
Project("{FAE04EC0-301F-11D3-BF4B-00C04F79EFBC}") = "Console20", "Console20\Console20.csproj", "{AAAE2B43-79C2-43C9-9289-9084B7D9B45A}"
EndProject
Global
	GlobalSection(SolutionConfigurationPlatforms) = preSolution
		Debug|Any CPU = Debug|Any CPU
		Release|Any CPU = Release|Any CPU
	EndGlobalSection
	GlobalSection(ProjectConfigurationPlatforms) = postSolution
		{AAAE2B43-79C2-43C9-9289-9084B7D9B45A}.Debug|Any CPU.ActiveCfg = Debug|Any CPU
		{AAAE2B43-79C2-43C9-9289-9084B7D9B45A}.Debug|Any CPU.Build.0 = Debug|Any CPU
		{AAAE2B43-79C2-43C9-9289-9084B7D9B45A}.Release|Any CPU.ActiveCfg = Release|Any CPU
		{AAAE2B43-79C2-43C9-9289-9084B7D9B45A}.Release|Any CPU.Build.0 = Release|Any CPU
	EndGlobalSection
	GlobalSection(SolutionProperties) = preSolution
		HideSolutionNode = FALSE
	EndGlobalSection
EndGlobal
