
Microsoft Visual Studio Solution File, Format Version 10.00
# Visual Studio 2008
Project("{FAE04EC0-301F-11D3-BF4B-00C04F79EFBC}") = "Thread", "Thread\Thread.csproj", "{476B3B79-C45A-45C1-86E8-A0F1DD05BF1C}"
EndProject
Global
	GlobalSection(SolutionConfigurationPlatforms) = preSolution
		Debug|Any CPU = Debug|Any CPU
		Release|Any CPU = Release|Any CPU
	EndGlobalSection
	GlobalSection(ProjectConfigurationPlatforms) = postSolution
		{476B3B79-C45A-45C1-86E8-A0F1DD05BF1C}.Debug|Any CPU.ActiveCfg = Debug|Any CPU
		{476B3B79-C45A-45C1-86E8-A0F1DD05BF1C}.Debug|Any CPU.Build.0 = Debug|Any CPU
		{476B3B79-C45A-45C1-86E8-A0F1DD05BF1C}.Release|Any CPU.ActiveCfg = Release|Any CPU
		{476B3B79-C45A-45C1-86E8-A0F1DD05BF1C}.Release|Any CPU.Build.0 = Release|Any CPU
	EndGlobalSection
	GlobalSection(SolutionProperties) = preSolution
		HideSolutionNode = FALSE
	EndGlobalSection
EndGlobal
