
Microsoft Visual Studio Solution File, Format Version 10.00
# Visual Studio 2008
Project("{FAE04EC0-301F-11D3-BF4B-00C04F79EFBC}") = "Console7", "Console7\Console7.csproj", "{729A86CC-DD22-4211-89F5-0D2484EDD46C}"
EndProject
Global
	GlobalSection(SolutionConfigurationPlatforms) = preSolution
		Debug|Any CPU = Debug|Any CPU
		Release|Any CPU = Release|Any CPU
	EndGlobalSection
	GlobalSection(ProjectConfigurationPlatforms) = postSolution
		{729A86CC-DD22-4211-89F5-0D2484EDD46C}.Debug|Any CPU.ActiveCfg = Debug|Any CPU
		{729A86CC-DD22-4211-89F5-0D2484EDD46C}.Debug|Any CPU.Build.0 = Debug|Any CPU
		{729A86CC-DD22-4211-89F5-0D2484EDD46C}.Release|Any CPU.ActiveCfg = Release|Any CPU
		{729A86CC-DD22-4211-89F5-0D2484EDD46C}.Release|Any CPU.Build.0 = Release|Any CPU
	EndGlobalSection
	GlobalSection(SolutionProperties) = preSolution
		HideSolutionNode = FALSE
	EndGlobalSection
EndGlobal
