
Microsoft Visual Studio Solution File, Format Version 10.00
# Visual Studio 2008
Project("{FAE04EC0-301F-11D3-BF4B-00C04F79EFBC}") = "Console22", "Console22\Console22.csproj", "{C9ECDC26-ADB5-441F-A26A-976D7A25E9D5}"
EndProject
Global
	GlobalSection(SolutionConfigurationPlatforms) = preSolution
		Debug|Any CPU = Debug|Any CPU
		Release|Any CPU = Release|Any CPU
	EndGlobalSection
	GlobalSection(ProjectConfigurationPlatforms) = postSolution
		{C9ECDC26-ADB5-441F-A26A-976D7A25E9D5}.Debug|Any CPU.ActiveCfg = Debug|Any CPU
		{C9ECDC26-ADB5-441F-A26A-976D7A25E9D5}.Debug|Any CPU.Build.0 = Debug|Any CPU
		{C9ECDC26-ADB5-441F-A26A-976D7A25E9D5}.Release|Any CPU.ActiveCfg = Release|Any CPU
		{C9ECDC26-ADB5-441F-A26A-976D7A25E9D5}.Release|Any CPU.Build.0 = Release|Any CPU
	EndGlobalSection
	GlobalSection(SolutionProperties) = preSolution
		HideSolutionNode = FALSE
	EndGlobalSection
EndGlobal
