
Microsoft Visual Studio Solution File, Format Version 10.00
# Visual Studio 2008
Project("{FAE04EC0-301F-11D3-BF4B-00C04F79EFBC}") = "Lab10", "Lab10\Lab10.csproj", "{3E69B4B9-AD38-4B5D-AA46-53FF2CA61B02}"
EndProject
Global
	GlobalSection(SolutionConfigurationPlatforms) = preSolution
		Debug|Any CPU = Debug|Any CPU
		Release|Any CPU = Release|Any CPU
	EndGlobalSection
	GlobalSection(ProjectConfigurationPlatforms) = postSolution
		{3E69B4B9-AD38-4B5D-AA46-53FF2CA61B02}.Debug|Any CPU.ActiveCfg = Debug|Any CPU
		{3E69B4B9-AD38-4B5D-AA46-53FF2CA61B02}.Debug|Any CPU.Build.0 = Debug|Any CPU
		{3E69B4B9-AD38-4B5D-AA46-53FF2CA61B02}.Release|Any CPU.ActiveCfg = Release|Any CPU
		{3E69B4B9-AD38-4B5D-AA46-53FF2CA61B02}.Release|Any CPU.Build.0 = Release|Any CPU
	EndGlobalSection
	GlobalSection(SolutionProperties) = preSolution
		HideSolutionNode = FALSE
	EndGlobalSection
EndGlobal
