
Microsoft Visual Studio Solution File, Format Version 10.00
# Visual Studio 2008
Project("{FAE04EC0-301F-11D3-BF4B-00C04F79EFBC}") = "Pool1", "Pool1\Pool1.csproj", "{3B9F68A0-177B-4C52-B9F4-659C404A1CC9}"
EndProject
Global
	GlobalSection(SolutionConfigurationPlatforms) = preSolution
		Debug|Any CPU = Debug|Any CPU
		Release|Any CPU = Release|Any CPU
	EndGlobalSection
	GlobalSection(ProjectConfigurationPlatforms) = postSolution
		{3B9F68A0-177B-4C52-B9F4-659C404A1CC9}.Debug|Any CPU.ActiveCfg = Debug|Any CPU
		{3B9F68A0-177B-4C52-B9F4-659C404A1CC9}.Debug|Any CPU.Build.0 = Debug|Any CPU
		{3B9F68A0-177B-4C52-B9F4-659C404A1CC9}.Release|Any CPU.ActiveCfg = Release|Any CPU
		{3B9F68A0-177B-4C52-B9F4-659C404A1CC9}.Release|Any CPU.Build.0 = Release|Any CPU
	EndGlobalSection
	GlobalSection(SolutionProperties) = preSolution
		HideSolutionNode = FALSE
	EndGlobalSection
EndGlobal
