
Microsoft Visual Studio Solution File, Format Version 10.00
# Visual Studio 2008
Project("{FAE04EC0-301F-11D3-BF4B-00C04F79EFBC}") = "Title", "Title\Title.csproj", "{F23C5910-61BA-4A1A-80AB-31526721E28C}"
EndProject
Global
	GlobalSection(SolutionConfigurationPlatforms) = preSolution
		Debug|Any CPU = Debug|Any CPU
		Release|Any CPU = Release|Any CPU
	EndGlobalSection
	GlobalSection(ProjectConfigurationPlatforms) = postSolution
		{F23C5910-61BA-4A1A-80AB-31526721E28C}.Debug|Any CPU.ActiveCfg = Debug|Any CPU
		{F23C5910-61BA-4A1A-80AB-31526721E28C}.Debug|Any CPU.Build.0 = Debug|Any CPU
		{F23C5910-61BA-4A1A-80AB-31526721E28C}.Release|Any CPU.ActiveCfg = Release|Any CPU
		{F23C5910-61BA-4A1A-80AB-31526721E28C}.Release|Any CPU.Build.0 = Release|Any CPU
	EndGlobalSection
	GlobalSection(SolutionProperties) = preSolution
		HideSolutionNode = FALSE
	EndGlobalSection
EndGlobal
