
Microsoft Visual Studio Solution File, Format Version 10.00
# Visual Studio 2008
Project("{FAE04EC0-301F-11D3-BF4B-00C04F79EFBC}") = "Console12", "Console12\Console12.csproj", "{0588AAB0-128A-48C6-BD4C-08EFAEB58BC4}"
EndProject
Global
	GlobalSection(SolutionConfigurationPlatforms) = preSolution
		Debug|Any CPU = Debug|Any CPU
		Release|Any CPU = Release|Any CPU
	EndGlobalSection
	GlobalSection(ProjectConfigurationPlatforms) = postSolution
		{0588AAB0-128A-48C6-BD4C-08EFAEB58BC4}.Debug|Any CPU.ActiveCfg = Debug|Any CPU
		{0588AAB0-128A-48C6-BD4C-08EFAEB58BC4}.Debug|Any CPU.Build.0 = Debug|Any CPU
		{0588AAB0-128A-48C6-BD4C-08EFAEB58BC4}.Release|Any CPU.ActiveCfg = Release|Any CPU
		{0588AAB0-128A-48C6-BD4C-08EFAEB58BC4}.Release|Any CPU.Build.0 = Release|Any CPU
	EndGlobalSection
	GlobalSection(SolutionProperties) = preSolution
		HideSolutionNode = FALSE
	EndGlobalSection
EndGlobal
