
Microsoft Visual Studio Solution File, Format Version 10.00
# Visual Studio 2008
Project("{FAE04EC0-301F-11D3-BF4B-00C04F79EFBC}") = "Pool", "Pool\Pool.csproj", "{11044C74-E7F3-4011-9075-388436521636}"
EndProject
Global
	GlobalSection(SolutionConfigurationPlatforms) = preSolution
		Debug|Any CPU = Debug|Any CPU
		Release|Any CPU = Release|Any CPU
	EndGlobalSection
	GlobalSection(ProjectConfigurationPlatforms) = postSolution
		{11044C74-E7F3-4011-9075-388436521636}.Debug|Any CPU.ActiveCfg = Debug|Any CPU
		{11044C74-E7F3-4011-9075-388436521636}.Debug|Any CPU.Build.0 = Debug|Any CPU
		{11044C74-E7F3-4011-9075-388436521636}.Release|Any CPU.ActiveCfg = Release|Any CPU
		{11044C74-E7F3-4011-9075-388436521636}.Release|Any CPU.Build.0 = Release|Any CPU
	EndGlobalSection
	GlobalSection(SolutionProperties) = preSolution
		HideSolutionNode = FALSE
	EndGlobalSection
EndGlobal
