
Microsoft Visual Studio Solution File, Format Version 10.00
# Visual Studio 2008
Project("{FAE04EC0-301F-11D3-BF4B-00C04F79EFBC}") = "WindowsFormsApplication1", "WindowsFormsApplication1\WindowsFormsApplication1.csproj", "{27DCC816-612D-4245-94A0-3FA85EE16E5B}"
EndProject
Global
	GlobalSection(SolutionConfigurationPlatforms) = preSolution
		Debug|Any CPU = Debug|Any CPU
		Release|Any CPU = Release|Any CPU
	EndGlobalSection
	GlobalSection(ProjectConfigurationPlatforms) = postSolution
		{27DCC816-612D-4245-94A0-3FA85EE16E5B}.Debug|Any CPU.ActiveCfg = Debug|Any CPU
		{27DCC816-612D-4245-94A0-3FA85EE16E5B}.Debug|Any CPU.Build.0 = Debug|Any CPU
		{27DCC816-612D-4245-94A0-3FA85EE16E5B}.Release|Any CPU.ActiveCfg = Release|Any CPU
		{27DCC816-612D-4245-94A0-3FA85EE16E5B}.Release|Any CPU.Build.0 = Release|Any CPU
	EndGlobalSection
	GlobalSection(SolutionProperties) = preSolution
		HideSolutionNode = FALSE
	EndGlobalSection
EndGlobal
